
Microsoft Visual Studio Solution File, Format Version 12.00
Project("{FAE04EC0-301F-11D3-BF4B-00C04F79EFBC}") = "API.EventOps", "src\API.EventOps\API.EventOps.csproj", "{8AF166B6-CE6A-45EB-A2E7-1C3489574E81}"
EndProject
Project("{FAE04EC0-301F-11D3-BF4B-00C04F79EFBC}") = "Domain.EventOps", "src\Domain.EventOps\Domain.EventOps.csproj", "{7EAFD6CA-85C5-41B4-9BDA-A34CB87ECF29}"
EndProject
Project("{FAE04EC0-301F-11D3-BF4B-00C04F79EFBC}") = "Infrastructure.EventOps", "src\Infrastructure.EventOps\Infrastructure.EventOps.csproj", "{2B96B44D-F81E-4874-B438-3DE1B890AFE4}"
EndProject
Project("{FAE04EC0-301F-11D3-BF4B-00C04F79EFBC}") = "Application.EventOps", "src\Application.EventOps\Application.EventOps.csproj", "{4321AB54-3A42-4130-855F-AAED925BA9D1}"
EndProject
Project("{FAE04EC0-301F-11D3-BF4B-00C04F79EFBC}") = "Functions.EventOps", "src\Functions.EventOps\Functions.EventOps.csproj", "{072D3461-8E8D-40C0-ABDD-32591C73CD3F}"
EndProject
Project("{FAE04EC0-301F-11D3-BF4B-00C04F79EFBC}") = "Shared.EventOps", "src\Shared.EventOps\Shared.EventOps.csproj", "{BAD65EB4-77FE-4CD9-B8D7-2C4F8D57C3CD}"
EndProject
Project("{2150E333-8FDC-42A3-9474-1A3956D46DE8}") = "src", "src", "{CBF5AA6D-B5DE-4E1A-B58E-E09B326DE539}"
EndProject
Project("{2150E333-8FDC-42A3-9474-1A3956D46DE8}") = "test", "test", "{F83A4CA1-23FA-4161-9CB7-C34D0C3D8FB2}"
EndProject
Project("{FAE04EC0-301F-11D3-BF4B-00C04F79EFBC}") = "UnitTest", "test\UnitTest\UnitTest.csproj", "{E125A42C-4DE0-4D5C-9F51-A7F838815CBD}"
EndProject
Project("{FAE04EC0-301F-11D3-BF4B-00C04F79EFBC}") = "IntegrationTest", "test\IntegrationTest\IntegrationTest.csproj", "{35E000D4-F00D-4546-B12A-7EEDB78C23F6}"
EndProject
Project("{2150E333-8FDC-42A3-9474-1A3956D46DE8}") = "docs", "docs", "{91F2E0ED-E99D-4143-ADB3-AEC9F32F33A9}"
EndProject
Project("{2150E333-8FDC-42A3-9474-1A3956D46DE8}") = "pipelines", "pipelines", "{4AA6D787-7FE5-4396-965B-75DE6F11E090}"
EndProject
Project("{2150E333-8FDC-42A3-9474-1A3956D46DE8}") = "docker", "docker", "{93099B0F-FD82-45F6-BA82-CA6E9EF03038}"
EndProject
Global
	GlobalSection(SolutionConfigurationPlatforms) = preSolution
		Debug|Any CPU = Debug|Any CPU
		Release|Any CPU = Release|Any CPU
	EndGlobalSection
	GlobalSection(ProjectConfigurationPlatforms) = postSolution
		{8AF166B6-CE6A-45EB-A2E7-1C3489574E81}.Debug|Any CPU.ActiveCfg = Debug|Any CPU
		{8AF166B6-CE6A-45EB-A2E7-1C3489574E81}.Debug|Any CPU.Build.0 = Debug|Any CPU
		{8AF166B6-CE6A-45EB-A2E7-1C3489574E81}.Release|Any CPU.ActiveCfg = Release|Any CPU
		{8AF166B6-CE6A-45EB-A2E7-1C3489574E81}.Release|Any CPU.Build.0 = Release|Any CPU
		{7EAFD6CA-85C5-41B4-9BDA-A34CB87ECF29}.Debug|Any CPU.ActiveCfg = Debug|Any CPU
		{7EAFD6CA-85C5-41B4-9BDA-A34CB87ECF29}.Debug|Any CPU.Build.0 = Debug|Any CPU
		{7EAFD6CA-85C5-41B4-9BDA-A34CB87ECF29}.Release|Any CPU.ActiveCfg = Release|Any CPU
		{7EAFD6CA-85C5-41B4-9BDA-A34CB87ECF29}.Release|Any CPU.Build.0 = Release|Any CPU
		{2B96B44D-F81E-4874-B438-3DE1B890AFE4}.Debug|Any CPU.ActiveCfg = Debug|Any CPU
		{2B96B44D-F81E-4874-B438-3DE1B890AFE4}.Debug|Any CPU.Build.0 = Debug|Any CPU
		{2B96B44D-F81E-4874-B438-3DE1B890AFE4}.Release|Any CPU.ActiveCfg = Release|Any CPU
		{2B96B44D-F81E-4874-B438-3DE1B890AFE4}.Release|Any CPU.Build.0 = Release|Any CPU
		{4321AB54-3A42-4130-855F-AAED925BA9D1}.Debug|Any CPU.ActiveCfg = Debug|Any CPU
		{4321AB54-3A42-4130-855F-AAED925BA9D1}.Debug|Any CPU.Build.0 = Debug|Any CPU
		{4321AB54-3A42-4130-855F-AAED925BA9D1}.Release|Any CPU.ActiveCfg = Release|Any CPU
		{4321AB54-3A42-4130-855F-AAED925BA9D1}.Release|Any CPU.Build.0 = Release|Any CPU
		{072D3461-8E8D-40C0-ABDD-32591C73CD3F}.Debug|Any CPU.ActiveCfg = Debug|Any CPU
		{072D3461-8E8D-40C0-ABDD-32591C73CD3F}.Debug|Any CPU.Build.0 = Debug|Any CPU
		{072D3461-8E8D-40C0-ABDD-32591C73CD3F}.Release|Any CPU.ActiveCfg = Release|Any CPU
		{072D3461-8E8D-40C0-ABDD-32591C73CD3F}.Release|Any CPU.Build.0 = Release|Any CPU
		{BAD65EB4-77FE-4CD9-B8D7-2C4F8D57C3CD}.Debug|Any CPU.ActiveCfg = Debug|Any CPU
		{BAD65EB4-77FE-4CD9-B8D7-2C4F8D57C3CD}.Debug|Any CPU.Build.0 = Debug|Any CPU
		{BAD65EB4-77FE-4CD9-B8D7-2C4F8D57C3CD}.Release|Any CPU.ActiveCfg = Release|Any CPU
		{BAD65EB4-77FE-4CD9-B8D7-2C4F8D57C3CD}.Release|Any CPU.Build.0 = Release|Any CPU
		{E125A42C-4DE0-4D5C-9F51-A7F838815CBD}.Debug|Any CPU.ActiveCfg = Debug|Any CPU
		{E125A42C-4DE0-4D5C-9F51-A7F838815CBD}.Debug|Any CPU.Build.0 = Debug|Any CPU
		{E125A42C-4DE0-4D5C-9F51-A7F838815CBD}.Release|Any CPU.ActiveCfg = Release|Any CPU
		{E125A42C-4DE0-4D5C-9F51-A7F838815CBD}.Release|Any CPU.Build.0 = Release|Any CPU
		{35E000D4-F00D-4546-B12A-7EEDB78C23F6}.Debug|Any CPU.ActiveCfg = Debug|Any CPU
		{35E000D4-F00D-4546-B12A-7EEDB78C23F6}.Debug|Any CPU.Build.0 = Debug|Any CPU
		{35E000D4-F00D-4546-B12A-7EEDB78C23F6}.Release|Any CPU.ActiveCfg = Release|Any CPU
		{35E000D4-F00D-4546-B12A-7EEDB78C23F6}.Release|Any CPU.Build.0 = Release|Any CPU
	EndGlobalSection
	GlobalSection(NestedProjects) = preSolution
		{8AF166B6-CE6A-45EB-A2E7-1C3489574E81} = {CBF5AA6D-B5DE-4E1A-B58E-E09B326DE539}
		{4321AB54-3A42-4130-855F-AAED925BA9D1} = {CBF5AA6D-B5DE-4E1A-B58E-E09B326DE539}
		{7EAFD6CA-85C5-41B4-9BDA-A34CB87ECF29} = {CBF5AA6D-B5DE-4E1A-B58E-E09B326DE539}
		{072D3461-8E8D-40C0-ABDD-32591C73CD3F} = {CBF5AA6D-B5DE-4E1A-B58E-E09B326DE539}
		{2B96B44D-F81E-4874-B438-3DE1B890AFE4} = {CBF5AA6D-B5DE-4E1A-B58E-E09B326DE539}
		{BAD65EB4-77FE-4CD9-B8D7-2C4F8D57C3CD} = {CBF5AA6D-B5DE-4E1A-B58E-E09B326DE539}
		{E125A42C-4DE0-4D5C-9F51-A7F838815CBD} = {F83A4CA1-23FA-4161-9CB7-C34D0C3D8FB2}
		{35E000D4-F00D-4546-B12A-7EEDB78C23F6} = {F83A4CA1-23FA-4161-9CB7-C34D0C3D8FB2}
	EndGlobalSection
EndGlobal
